// !$*UTF8*$!
{
	archiveVersion = 1;
	classes = {
	};
	objectVersion = 77;
	objects = {

/* Begin PBXBuildFile section */
		0302472D0F0FA6A97DA48413 /* BlogProfile.swift in Sources */ = {isa = PBXBuildFile; fileRef = 2A62666FE7E3C778ACB35300 /* BlogProfile.swift */; };
		19171811019C3AD5A5CA5696 /* CategoryScanner.swift in Sources */ = {isa = PBXBuildFile; fileRef = 5452EDD7EEB33FDE32F4CFC6 /* CategoryScanner.swift */; };
		2A2F6ED7BB5EF8C5BC2A08D6 /* SharedContainerService.swift in Sources */ = {isa = PBXBuildFile; fileRef = 2E52C4F20A2A62A64FC0C6F9 /* SharedContainerService.swift */; };
		38B9D0308F7179D66250A148 /* BloggerApp.swift in Sources */ = {isa = PBXBuildFile; fileRef = 362006FED2645BD41AF8F85B /* BloggerApp.swift */; };
		58EF1896AF84E924A05ACF2A /* Constants.swift in Sources */ = {isa = PBXBuildFile; fileRef = 7353E8871ABB6A3D09990D39 /* Constants.swift */; };
		5A3937222DC5CF8A11577922 /* AppSettings.swift in Sources */ = {isa = PBXBuildFile; fileRef = C0E86D73425A36828F85F667 /* AppSettings.swift */; };
		70976E97AA613B3F0036E75D /* ContentView.swift in Sources */ = {isa = PBXBuildFile; fileRef = 618D4FB4EF944E5FABA36A00 /* ContentView.swift */; };
		7541537CC7770EEBC0FB1089 /* PhotoExporter.swift in Sources */ = {isa = PBXBuildFile; fileRef = C5B230E412BF7E2A71C9BDB9 /* PhotoExporter.swift */; };
		77CCD44FA2DC1E93161EBC8D /* SettingsView.swift in Sources */ = {isa = PBXBuildFile; fileRef = 3AB9307E546CF780F4C4D77F /* SettingsView.swift */; };
		85BFE8551284696B4FCA0420 /* SlugGenerator.swift in Sources */ = {isa = PBXBuildFile; fileRef = 3D167E3BBDB2DA89DA855AF0 /* SlugGenerator.swift */; };
		AD5A941747405C84C2F97F55 /* PostEditorView.swift in Sources */ = {isa = PBXBuildFile; fileRef = E85C967F3720B3665E530430 /* PostEditorView.swift */; };
		AECF71FF08B739AF1A96C417 /* MarkdownGenerator.swift in Sources */ = {isa = PBXBuildFile; fileRef = E3ECABBDBD629A0705789F72 /* MarkdownGenerator.swift */; };
		AF813366FA22FBF8C39BBA7F /* PendingPost.swift in Sources */ = {isa = PBXBuildFile; fileRef = 5132B1F992D1E39806DDB453 /* PendingPost.swift */; };
		B06E87B5E6C2B55E38DB818C /* DropTargetView.swift in Sources */ = {isa = PBXBuildFile; fileRef = B1220F8FB461B75589DC7265 /* DropTargetView.swift */; };
		C4FCFBD1DD6761A33B0E798B /* WelcomeView.swift in Sources */ = {isa = PBXBuildFile; fileRef = 52B6E26B5BF84BFCE846D220 /* WelcomeView.swift */; };
		D39CC53E11A77AF41D711A15 /* ImageIO.framework in Frameworks */ = {isa = PBXBuildFile; fileRef = F7B5EFEF89109C760E9FD3CB /* ImageIO.framework */; };
		F50C1058A4E22E7E600B2813 /* Assets.xcassets in Resources */ = {isa = PBXBuildFile; fileRef = 155D6C9578C2BA1FD8879397 /* Assets.xcassets */; };
		F71D07A2549F2C4608D5CC2D /* Theme.swift in Sources */ = {isa = PBXBuildFile; fileRef = 0620724DE52ACDCD01B51CBF /* Theme.swift */; };
		FF9AA02EA5D048996321BF1D /* ShareViewController.swift in Sources */ = {isa = PBXBuildFile; fileRef = C538679C063E36BAF48EDF16 /* ShareViewController.swift */; };
/* End PBXBuildFile section */

/* Begin PBXFileReference section */
		0620724DE52ACDCD01B51CBF /* Theme.swift */ = {isa = PBXFileReference; lastKnownFileType = sourcecode.swift; path = Theme.swift; sourceTree = "<group>"; };
		155D6C9578C2BA1FD8879397 /* Assets.xcassets */ = {isa = PBXFileReference; lastKnownFileType = folder.assetcatalog; path = Assets.xcassets; sourceTree = "<group>"; };
		2A62666FE7E3C778ACB35300 /* BlogProfile.swift */ = {isa = PBXFileReference; lastKnownFileType = sourcecode.swift; path = BlogProfile.swift; sourceTree = "<group>"; };
		2E52C4F20A2A62A64FC0C6F9 /* SharedContainerService.swift */ = {isa = PBXFileReference; lastKnownFileType = sourcecode.swift; path = SharedContainerService.swift; sourceTree = "<group>"; };
		362006FED2645BD41AF8F85B /* BloggerApp.swift */ = {isa = PBXFileReference; lastKnownFileType = sourcecode.swift; path = BloggerApp.swift; sourceTree = "<group>"; };
		3AB9307E546CF780F4C4D77F /* SettingsView.swift */ = {isa = PBXFileReference; lastKnownFileType = sourcecode.swift; path = SettingsView.swift; sourceTree = "<group>"; };
		3D167E3BBDB2DA89DA855AF0 /* SlugGenerator.swift */ = {isa = PBXFileReference; lastKnownFileType = sourcecode.swift; path = SlugGenerator.swift; sourceTree = "<group>"; };
		486D3444EACCC5BE08B9D6F1 /* Info.plist */ = {isa = PBXFileReference; lastKnownFileType = text.plist; path = Info.plist; sourceTree = "<group>"; };
		5132B1F992D1E39806DDB453 /* PendingPost.swift */ = {isa = PBXFileReference; lastKnownFileType = sourcecode.swift; path = PendingPost.swift; sourceTree = "<group>"; };
		52B6E26B5BF84BFCE846D220 /* WelcomeView.swift */ = {isa = PBXFileReference; lastKnownFileType = sourcecode.swift; path = WelcomeView.swift; sourceTree = "<group>"; };
		542FCAD7D38A1A41E85FDB09 /* BloggerShareExtension.entitlements */ = {isa = PBXFileReference; lastKnownFileType = text.plist.entitlements; path = BloggerShareExtension.entitlements; sourceTree = "<group>"; };
		5452EDD7EEB33FDE32F4CFC6 /* CategoryScanner.swift */ = {isa = PBXFileReference; lastKnownFileType = sourcecode.swift; path = CategoryScanner.swift; sourceTree = "<group>"; };
		618D4FB4EF944E5FABA36A00 /* ContentView.swift */ = {isa = PBXFileReference; lastKnownFileType = sourcecode.swift; path = ContentView.swift; sourceTree = "<group>"; };
		7353E8871ABB6A3D09990D39 /* Constants.swift */ = {isa = PBXFileReference; lastKnownFileType = sourcecode.swift; path = Constants.swift; sourceTree = "<group>"; };
		805440A92592DDE2FD1341D3 /* Info.plist */ = {isa = PBXFileReference; lastKnownFileType = text.plist; path = Info.plist; sourceTree = "<group>"; };
		A76E8C6B19AB9018300E5821 /* BloggerShareExtension.appex */ = {isa = PBXFileReference; explicitFileType = "wrapper.app-extension"; includeInIndex = 0; path = BloggerShareExtension.appex; sourceTree = BUILT_PRODUCTS_DIR; };
		B1220F8FB461B75589DC7265 /* DropTargetView.swift */ = {isa = PBXFileReference; lastKnownFileType = sourcecode.swift; path = DropTargetView.swift; sourceTree = "<group>"; };
		BD76A58DE1BD8D8333B55BB7 /* Blogger.app */ = {isa = PBXFileReference; explicitFileType = wrapper.application; includeInIndex = 0; path = Blogger.app; sourceTree = BUILT_PRODUCTS_DIR; };
		C0E86D73425A36828F85F667 /* AppSettings.swift */ = {isa = PBXFileReference; lastKnownFileType = sourcecode.swift; path = AppSettings.swift; sourceTree = "<group>"; };
		C538679C063E36BAF48EDF16 /* ShareViewController.swift */ = {isa = PBXFileReference; lastKnownFileType = sourcecode.swift; path = ShareViewController.swift; sourceTree = "<group>"; };
		C5B230E412BF7E2A71C9BDB9 /* PhotoExporter.swift */ = {isa = PBXFileReference; lastKnownFileType = sourcecode.swift; path = PhotoExporter.swift; sourceTree = "<group>"; };
		E3ECABBDBD629A0705789F72 /* MarkdownGenerator.swift */ = {isa = PBXFileReference; lastKnownFileType = sourcecode.swift; path = MarkdownGenerator.swift; sourceTree = "<group>"; };
		E85C967F3720B3665E530430 /* PostEditorView.swift */ = {isa = PBXFileReference; lastKnownFileType = sourcecode.swift; path = PostEditorView.swift; sourceTree = "<group>"; };
		F7B5EFEF89109C760E9FD3CB /* ImageIO.framework */ = {isa = PBXFileReference; lastKnownFileType = wrapper.framework; name = ImageIO.framework; path = System/Library/Frameworks/ImageIO.framework; sourceTree = SDKROOT; };
		F96797000AC456DE4B4B64D3 /* Blogger.entitlements */ = {isa = PBXFileReference; lastKnownFileType = text.plist.entitlements; path = Blogger.entitlements; sourceTree = "<group>"; };
/* End PBXFileReference section */

/* Begin PBXFrameworksBuildPhase section */
		9E691AF82D722C26556EA7F5 /* Frameworks */ = {
			isa = PBXFrameworksBuildPhase;
			buildActionMask = 2147483647;
			files = (
				D39CC53E11A77AF41D711A15 /* ImageIO.framework in Frameworks */,
			);
			runOnlyForDeploymentPostprocessing = 0;
		};
/* End PBXFrameworksBuildPhase section */

/* Begin PBXGroup section */
		0E966FF891D5365AD5279B93 /* Frameworks */ = {
			isa = PBXGroup;
			children = (
				F7B5EFEF89109C760E9FD3CB /* ImageIO.framework */,
			);
			name = Frameworks;
			sourceTree = "<group>";
		};
		111744FA440F91197515761B /* Services */ = {
			isa = PBXGroup;
			children = (
				5452EDD7EEB33FDE32F4CFC6 /* CategoryScanner.swift */,
				E3ECABBDBD629A0705789F72 /* MarkdownGenerator.swift */,
				C5B230E412BF7E2A71C9BDB9 /* PhotoExporter.swift */,
				2E52C4F20A2A62A64FC0C6F9 /* SharedContainerService.swift */,
				3D167E3BBDB2DA89DA855AF0 /* SlugGenerator.swift */,
			);
			path = Services;
			sourceTree = "<group>";
		};
		3C6CB4F7F7BC113F5AE2DBD1 /* BloggerShareExtension */ = {
			isa = PBXGroup;
			children = (
				542FCAD7D38A1A41E85FDB09 /* BloggerShareExtension.entitlements */,
				486D3444EACCC5BE08B9D6F1 /* Info.plist */,
				C538679C063E36BAF48EDF16 /* ShareViewController.swift */,
			);
			path = BloggerShareExtension;
			sourceTree = "<group>";
		};
		46A6E98982AB2E78BD2118C6 /* Views */ = {
			isa = PBXGroup;
			children = (
				B1220F8FB461B75589DC7265 /* DropTargetView.swift */,
				E85C967F3720B3665E530430 /* PostEditorView.swift */,
				3AB9307E546CF780F4C4D77F /* SettingsView.swift */,
				0620724DE52ACDCD01B51CBF /* Theme.swift */,
				52B6E26B5BF84BFCE846D220 /* WelcomeView.swift */,
			);
			path = Views;
			sourceTree = "<group>";
		};
		9B365889D055DF77A562B30F = {
			isa = PBXGroup;
			children = (
				EDF9DFBF4B286E96B5A5F978 /* blogger */,
				3C6CB4F7F7BC113F5AE2DBD1 /* BloggerShareExtension */,
				F1AE3784A59C38569C253E60 /* Shared */,
				0E966FF891D5365AD5279B93 /* Frameworks */,
				C69D3BA61D1C62DAAB719228 /* Products */,
			);
			sourceTree = "<group>";
		};
		9FA400077481E296763B11FA /* Models */ = {
			isa = PBXGroup;
			children = (
				C0E86D73425A36828F85F667 /* AppSettings.swift */,
				2A62666FE7E3C778ACB35300 /* BlogProfile.swift */,
				5132B1F992D1E39806DDB453 /* PendingPost.swift */,
			);
			path = Models;
			sourceTree = "<group>";
		};
		C69D3BA61D1C62DAAB719228 /* Products */ = {
			isa = PBXGroup;
			children = (
				BD76A58DE1BD8D8333B55BB7 /* Blogger.app */,
				A76E8C6B19AB9018300E5821 /* BloggerShareExtension.appex */,
			);
			name = Products;
			sourceTree = "<group>";
		};
		EDF9DFBF4B286E96B5A5F978 /* blogger */ = {
			isa = PBXGroup;
			children = (
				155D6C9578C2BA1FD8879397 /* Assets.xcassets */,
				F96797000AC456DE4B4B64D3 /* Blogger.entitlements */,
				362006FED2645BD41AF8F85B /* BloggerApp.swift */,
				618D4FB4EF944E5FABA36A00 /* ContentView.swift */,
				805440A92592DDE2FD1341D3 /* Info.plist */,
				9FA400077481E296763B11FA /* Models */,
				111744FA440F91197515761B /* Services */,
				46A6E98982AB2E78BD2118C6 /* Views */,
			);
			path = blogger;
			sourceTree = "<group>";
		};
		F1AE3784A59C38569C253E60 /* Shared */ = {
			isa = PBXGroup;
			children = (
				7353E8871ABB6A3D09990D39 /* Constants.swift */,
			);
			path = Shared;
			sourceTree = "<group>";
		};
/* End PBXGroup section */

/* Begin PBXNativeTarget section */
		014E939304177918C7029FEA /* BloggerShareExtension */ = {
			isa = PBXNativeTarget;
			buildConfigurationList = 627E254580EBBC7D74595C61 /* Build configuration list for PBXNativeTarget "BloggerShareExtension" */;
			buildPhases = (
				6A3B0EFE1AA91E75D4971029 /* Sources */,
				9E691AF82D722C26556EA7F5 /* Frameworks */,
			);
			buildRules = (
			);
			dependencies = (
			);
			name = BloggerShareExtension;
			packageProductDependencies = (
			);
			productName = BloggerShareExtension;
			productReference = A76E8C6B19AB9018300E5821 /* BloggerShareExtension.appex */;
			productType = "com.apple.product-type.app-extension";
		};
		322D566021E5A6EDEA3EC0ED /* Blogger */ = {
			isa = PBXNativeTarget;
			buildConfigurationList = 8A06B4A58FAB0A34219530D9 /* Build configuration list for PBXNativeTarget "Blogger" */;
			buildPhases = (
				7A05F451C204457494A64A66 /* Sources */,
				2D2CFF4570C65CF0169FA683 /* Resources */,
			);
			buildRules = (
			);
			dependencies = (
			);
			name = Blogger;
			packageProductDependencies = (
			);
			productName = Blogger;
			productReference = BD76A58DE1BD8D8333B55BB7 /* Blogger.app */;
			productType = "com.apple.product-type.application";
		};
/* End PBXNativeTarget section */

/* Begin PBXProject section */
		DCD7F4DB8780581177B65FCD /* Project object */ = {
			isa = PBXProject;
			attributes = {
				BuildIndependentTargetsInParallel = YES;
				LastUpgradeCheck = 1500;
				TargetAttributes = {
					014E939304177918C7029FEA = {
						DevelopmentTeam = "";
						ProvisioningStyle = Automatic;
					};
					322D566021E5A6EDEA3EC0ED = {
						DevelopmentTeam = "";
						ProvisioningStyle = Automatic;
					};
				};
			};
			buildConfigurationList = 09AB850257AEC662A0A7C08B /* Build configuration list for PBXProject "Blogger" */;
			developmentRegion = en;
			hasScannedForEncodings = 0;
			knownRegions = (
				Base,
				en,
			);
			mainGroup = 9B365889D055DF77A562B30F;
			minimizedProjectReferenceProxies = 1;
			preferredProjectObjectVersion = 77;
			productRefGroup = C69D3BA61D1C62DAAB719228 /* Products */;
			projectDirPath = "";
			projectRoot = "";
			targets = (
				322D566021E5A6EDEA3EC0ED /* Blogger */,
				014E939304177918C7029FEA /* BloggerShareExtension */,
			);
		};
/* End PBXProject section */

/* Begin PBXResourcesBuildPhase section */
		2D2CFF4570C65CF0169FA683 /* Resources */ = {
			isa = PBXResourcesBuildPhase;
			buildActionMask = 2147483647;
			files = (
				F50C1058A4E22E7E600B2813 /* Assets.xcassets in Resources */,
			);
			runOnlyForDeploymentPostprocessing = 0;
		};
/* End PBXResourcesBuildPhase section */

/* Begin PBXSourcesBuildPhase section */
		6A3B0EFE1AA91E75D4971029 /* Sources */ = {
			isa = PBXSourcesBuildPhase;
			buildActionMask = 2147483647;
			files = (
				FF9AA02EA5D048996321BF1D /* ShareViewController.swift in Sources */,
			);
			runOnlyForDeploymentPostprocessing = 0;
		};
		7A05F451C204457494A64A66 /* Sources */ = {
			isa = PBXSourcesBuildPhase;
			buildActionMask = 2147483647;
			files = (
				5A3937222DC5CF8A11577922 /* AppSettings.swift in Sources */,
				0302472D0F0FA6A97DA48413 /* BlogProfile.swift in Sources */,
				38B9D0308F7179D66250A148 /* BloggerApp.swift in Sources */,
				19171811019C3AD5A5CA5696 /* CategoryScanner.swift in Sources */,
				58EF1896AF84E924A05ACF2A /* Constants.swift in Sources */,
				70976E97AA613B3F0036E75D /* ContentView.swift in Sources */,
				B06E87B5E6C2B55E38DB818C /* DropTargetView.swift in Sources */,
				AECF71FF08B739AF1A96C417 /* MarkdownGenerator.swift in Sources */,
				AF813366FA22FBF8C39BBA7F /* PendingPost.swift in Sources */,
				7541537CC7770EEBC0FB1089 /* PhotoExporter.swift in Sources */,
				AD5A941747405C84C2F97F55 /* PostEditorView.swift in Sources */,
				77CCD44FA2DC1E93161EBC8D /* SettingsView.swift in Sources */,
				2A2F6ED7BB5EF8C5BC2A08D6 /* SharedContainerService.swift in Sources */,
				85BFE8551284696B4FCA0420 /* SlugGenerator.swift in Sources */,
				F71D07A2549F2C4608D5CC2D /* Theme.swift in Sources */,
				C4FCFBD1DD6761A33B0E798B /* WelcomeView.swift in Sources */,
			);
			runOnlyForDeploymentPostprocessing = 0;
		};
/* End PBXSourcesBuildPhase section */

/* Begin XCBuildConfiguration section */
		110EDDF8D2429A20D672F03F /* Release */ = {
			isa = XCBuildConfiguration;
			buildSettings = {
				CODE_SIGN_ENTITLEMENTS = BloggerShareExtension/BloggerShareExtension.entitlements;
				COMBINE_HIDPI_IMAGES = YES;
				INFOPLIST_FILE = BloggerShareExtension/Info.plist;
				LD_RUNPATH_SEARCH_PATHS = (
					"$(inherited)",
					"@executable_path/../Frameworks",
					"@executable_path/../../../../Frameworks",
				);
				PRODUCT_BUNDLE_IDENTIFIER = com.blogger.app.ShareExtension;
				SDKROOT = macosx;
			};
			name = Release;
		};
		48D4620FDAD2D101E909B9B3 /* Debug */ = {
			isa = XCBuildConfiguration;
			buildSettings = {
				CODE_SIGN_ENTITLEMENTS = BloggerShareExtension/BloggerShareExtension.entitlements;
				COMBINE_HIDPI_IMAGES = YES;
				INFOPLIST_FILE = BloggerShareExtension/Info.plist;
				LD_RUNPATH_SEARCH_PATHS = (
					"$(inherited)",
					"@executable_path/../Frameworks",
					"@executable_path/../../../../Frameworks",
				);
				PRODUCT_BUNDLE_IDENTIFIER = com.blogger.app.ShareExtension;
				SDKROOT = macosx;
			};
			name = Debug;
		};
		5321E645E7B634A37D382C11 /* Release */ = {
			isa = XCBuildConfiguration;
			buildSettings = {
				ALWAYS_SEARCH_USER_PATHS = NO;
				CLANG_ANALYZER_NONNULL = YES;
				CLANG_ANALYZER_NUMBER_OBJECT_CONVERSION = YES_AGGRESSIVE;
				CLANG_CXX_LANGUAGE_STANDARD = "gnu++14";
				CLANG_CXX_LIBRARY = "libc++";
				CLANG_ENABLE_MODULES = YES;
				CLANG_ENABLE_OBJC_ARC = YES;
				CLANG_ENABLE_OBJC_WEAK = YES;
				CLANG_WARN_BLOCK_CAPTURE_AUTORELEASING = YES;
				CLANG_WARN_BOOL_CONVERSION = YES;
				CLANG_WARN_COMMA = YES;
				CLANG_WARN_CONSTANT_CONVERSION = YES;
				CLANG_WARN_DEPRECATED_OBJC_IMPLEMENTATIONS = YES;
				CLANG_WARN_DIRECT_OBJC_ISA_USAGE = YES_ERROR;
				CLANG_WARN_DOCUMENTATION_COMMENTS = YES;
				CLANG_WARN_EMPTY_BODY = YES;
				CLANG_WARN_ENUM_CONVERSION = YES;
				CLANG_WARN_INFINITE_RECURSION = YES;
				CLANG_WARN_INT_CONVERSION = YES;
				CLANG_WARN_NON_LITERAL_NULL_CONVERSION = YES;
				CLANG_WARN_OBJC_IMPLICIT_RETAIN_SELF = YES;
				CLANG_WARN_OBJC_LITERAL_CONVERSION = YES;
				CLANG_WARN_OBJC_ROOT_CLASS = YES_ERROR;
				CLANG_WARN_QUOTED_INCLUDE_IN_FRAMEWORK_HEADER = YES;
				CLANG_WARN_RANGE_LOOP_ANALYSIS = YES;
				CLANG_WARN_STRICT_PROTOTYPES = YES;
				CLANG_WARN_SUSPICIOUS_MOVE = YES;
				CLANG_WARN_UNGUARDED_AVAILABILITY = YES_AGGRESSIVE;
				CLANG_WARN_UNREACHABLE_CODE = YES;
				CLANG_WARN__DUPLICATE_METHOD_MATCH = YES;
				CODE_SIGN_STYLE = Automatic;
				COPY_PHASE_STRIP = NO;
				DEBUG_INFORMATION_FORMAT = "dwarf-with-dsym";
				DEVELOPMENT_TEAM = "";
				ENABLE_NS_ASSERTIONS = NO;
				ENABLE_STRICT_OBJC_MSGSEND = YES;
				GCC_C_LANGUAGE_STANDARD = gnu11;
				GCC_NO_COMMON_BLOCKS = YES;
				GCC_WARN_64_TO_32_BIT_CONVERSION = YES;
				GCC_WARN_ABOUT_RETURN_TYPE = YES_ERROR;
				GCC_WARN_UNDECLARED_SELECTOR = YES;
				GCC_WARN_UNINITIALIZED_AUTOS = YES_AGGRESSIVE;
				GCC_WARN_UNUSED_FUNCTION = YES;
				GCC_WARN_UNUSED_VARIABLE = YES;
				MACOSX_DEPLOYMENT_TARGET = 13.0;
				MTL_ENABLE_DEBUG_INFO = NO;
				MTL_FAST_MATH = YES;
				PRODUCT_NAME = "$(TARGET_NAME)";
				SDKROOT = macosx;
				SWIFT_COMPILATION_MODE = wholemodule;
				SWIFT_OPTIMIZATION_LEVEL = "-O";
				SWIFT_VERSION = 5.9;
			};
			name = Release;
		};
		695BE54833AE5515DFED8422 /* Debug */ = {
			isa = XCBuildConfiguration;
			buildSettings = {
				ASSETCATALOG_COMPILER_APPICON_NAME = AppIcon;
				CODE_SIGN_ENTITLEMENTS = blogger/Blogger.entitlements;
				COMBINE_HIDPI_IMAGES = YES;
				INFOPLIST_FILE = blogger/Info.plist;
				LD_RUNPATH_SEARCH_PATHS = (
					"$(inherited)",
					"@executable_path/../Frameworks",
				);
				PRODUCT_BUNDLE_IDENTIFIER = com.blogger.app;
				SDKROOT = macosx;
			};
			name = Debug;
		};
		74BFBACB8AED5C7B2411252F /* Debug */ = {
			isa = XCBuildConfiguration;
			buildSettings = {
				ALWAYS_SEARCH_USER_PATHS = NO;
				CLANG_ANALYZER_NONNULL = YES;
				CLANG_ANALYZER_NUMBER_OBJECT_CONVERSION = YES_AGGRESSIVE;
				CLANG_CXX_LANGUAGE_STANDARD = "gnu++14";
				CLANG_CXX_LIBRARY = "libc++";
				CLANG_ENABLE_MODULES = YES;
				CLANG_ENABLE_OBJC_ARC = YES;
				CLANG_ENABLE_OBJC_WEAK = YES;
				CLANG_WARN_BLOCK_CAPTURE_AUTORELEASING = YES;
				CLANG_WARN_BOOL_CONVERSION = YES;
				CLANG_WARN_COMMA = YES;
				CLANG_WARN_CONSTANT_CONVERSION = YES;
				CLANG_WARN_DEPRECATED_OBJC_IMPLEMENTATIONS = YES;
				CLANG_WARN_DIRECT_OBJC_ISA_USAGE = YES_ERROR;
				CLANG_WARN_DOCUMENTATION_COMMENTS = YES;
				CLANG_WARN_EMPTY_BODY = YES;
				CLANG_WARN_ENUM_CONVERSION = YES;
				CLANG_WARN_INFINITE_RECURSION = YES;
				CLANG_WARN_INT_CONVERSION = YES;
				CLANG_WARN_NON_LITERAL_NULL_CONVERSION = YES;
				CLANG_WARN_OBJC_IMPLICIT_RETAIN_SELF = YES;
				CLANG_WARN_OBJC_LITERAL_CONVERSION = YES;
				CLANG_WARN_OBJC_ROOT_CLASS = YES_ERROR;
				CLANG_WARN_QUOTED_INCLUDE_IN_FRAMEWORK_HEADER = YES;
				CLANG_WARN_RANGE_LOOP_ANALYSIS = YES;
				CLANG_WARN_STRICT_PROTOTYPES = YES;
				CLANG_WARN_SUSPICIOUS_MOVE = YES;
				CLANG_WARN_UNGUARDED_AVAILABILITY = YES_AGGRESSIVE;
				CLANG_WARN_UNREACHABLE_CODE = YES;
				CLANG_WARN__DUPLICATE_METHOD_MATCH = YES;
				CODE_SIGN_STYLE = Automatic;
				COPY_PHASE_STRIP = NO;
				DEBUG_INFORMATION_FORMAT = dwarf;
				DEVELOPMENT_TEAM = "";
				ENABLE_STRICT_OBJC_MSGSEND = YES;
				ENABLE_TESTABILITY = YES;
				GCC_C_LANGUAGE_STANDARD = gnu11;
				GCC_DYNAMIC_NO_PIC = NO;
				GCC_NO_COMMON_BLOCKS = YES;
				GCC_OPTIMIZATION_LEVEL = 0;
				GCC_PREPROCESSOR_DEFINITIONS = (
					"$(inherited)",
					"DEBUG=1",
				);
				GCC_WARN_64_TO_32_BIT_CONVERSION = YES;
				GCC_WARN_ABOUT_RETURN_TYPE = YES_ERROR;
				GCC_WARN_UNDECLARED_SELECTOR = YES;
				GCC_WARN_UNINITIALIZED_AUTOS = YES_AGGRESSIVE;
				GCC_WARN_UNUSED_FUNCTION = YES;
				GCC_WARN_UNUSED_VARIABLE = YES;
				MACOSX_DEPLOYMENT_TARGET = 13.0;
				MTL_ENABLE_DEBUG_INFO = INCLUDE_SOURCE;
				MTL_FAST_MATH = YES;
				ONLY_ACTIVE_ARCH = YES;
				PRODUCT_NAME = "$(TARGET_NAME)";
				SDKROOT = macosx;
				SWIFT_ACTIVE_COMPILATION_CONDITIONS = DEBUG;
				SWIFT_OPTIMIZATION_LEVEL = "-Onone";
				SWIFT_VERSION = 5.9;
			};
			name = Debug;
		};
		B6BF5AB4060C2F67131CDCEB /* Release */ = {
			isa = XCBuildConfiguration;
			buildSettings = {
				ASSETCATALOG_COMPILER_APPICON_NAME = AppIcon;
				CODE_SIGN_ENTITLEMENTS = blogger/Blogger.entitlements;
				COMBINE_HIDPI_IMAGES = YES;
				INFOPLIST_FILE = blogger/Info.plist;
				LD_RUNPATH_SEARCH_PATHS = (
					"$(inherited)",
					"@executable_path/../Frameworks",
				);
				PRODUCT_BUNDLE_IDENTIFIER = com.blogger.app;
				SDKROOT = macosx;
			};
			name = Release;
		};
/* End XCBuildConfiguration section */

/* Begin XCConfigurationList section */
		09AB850257AEC662A0A7C08B /* Build configuration list for PBXProject "Blogger" */ = {
			isa = XCConfigurationList;
			buildConfigurations = (
				74BFBACB8AED5C7B2411252F /* Debug */,
				5321E645E7B634A37D382C11 /* Release */,
			);
			defaultConfigurationIsVisible = 0;
			defaultConfigurationName = Debug;
		};
		627E254580EBBC7D74595C61 /* Build configuration list for PBXNativeTarget "BloggerShareExtension" */ = {
			isa = XCConfigurationList;
			buildConfigurations = (
				48D4620FDAD2D101E909B9B3 /* Debug */,
				110EDDF8D2429A20D672F03F /* Release */,
			);
			defaultConfigurationIsVisible = 0;
			defaultConfigurationName = Debug;
		};
		8A06B4A58FAB0A34219530D9 /* Build configuration list for PBXNativeTarget "Blogger" */ = {
			isa = XCConfigurationList;
			buildConfigurations = (
				695BE54833AE5515DFED8422 /* Debug */,
				B6BF5AB4060C2F67131CDCEB /* Release */,
			);
			defaultConfigurationIsVisible = 0;
			defaultConfigurationName = Debug;
		};
/* End XCConfigurationList section */
	};
	rootObject = DCD7F4DB8780581177B65FCD /* Project object */;
}
